
Microsoft Visual Studio Solution File, Format Version 12.00
# Visual Studio Version 17
VisualStudioVersion = 17.10.35027.167
MinimumVisualStudioVersion = 10.0.40219.1
Project("{FAE04EC0-301F-11D3-BF4B-00C04F79EFBC}") = "ClassLibraryBusiness", "ClassLibraryBusiness\ClassLibraryBusiness.csproj", "{4EB11900-6220-4148-AB01-02A9025CD3EA}"
EndProject
Project("{FAE04EC0-301F-11D3-BF4B-00C04F79EFBC}") = "TestProjectBusiness.Test", "TestProjectBusiness.Test\TestProjectBusiness.Test.csproj", "{8AEBB68D-DD6C-4628-82FE-D5202A1B9DBB}"
EndProject
Global
	GlobalSection(SolutionConfigurationPlatforms) = preSolution
		Debug|Any CPU = Debug|Any CPU
		Release|Any CPU = Release|Any CPU
	EndGlobalSection
	GlobalSection(ProjectConfigurationPlatforms) = postSolution
		{4EB11900-6220-4148-AB01-02A9025CD3EA}.Debug|Any CPU.ActiveCfg = Debug|Any CPU
		{4EB11900-6220-4148-AB01-02A9025CD3EA}.Debug|Any CPU.Build.0 = Debug|Any CPU
		{4EB11900-6220-4148-AB01-02A9025CD3EA}.Release|Any CPU.ActiveCfg = Release|Any CPU
		{4EB11900-6220-4148-AB01-02A9025CD3EA}.Release|Any CPU.Build.0 = Release|Any CPU
		{8AEBB68D-DD6C-4628-82FE-D5202A1B9DBB}.Debug|Any CPU.ActiveCfg = Debug|Any CPU
		{8AEBB68D-DD6C-4628-82FE-D5202A1B9DBB}.Debug|Any CPU.Build.0 = Debug|Any CPU
		{8AEBB68D-DD6C-4628-82FE-D5202A1B9DBB}.Release|Any CPU.ActiveCfg = Release|Any CPU
		{8AEBB68D-DD6C-4628-82FE-D5202A1B9DBB}.Release|Any CPU.Build.0 = Release|Any CPU
	EndGlobalSection
	GlobalSection(SolutionProperties) = preSolution
		HideSolutionNode = FALSE
	EndGlobalSection
	GlobalSection(ExtensibilityGlobals) = postSolution
		SolutionGuid = {E637B1D8-D5FB-424B-9257-DE16166E3ECD}
	EndGlobalSection
EndGlobal
